
Microsoft Visual Studio Solution File, Format Version 12.00
Project("{FAE04EC0-301F-11D3-BF4B-00C04F79EFBC}") = "ConsoleApp1", "ConsoleApp1\ConsoleApp1.csproj", "{875F8296-9E6D-4687-82CB-17849ED0F42F}"
EndProject
Global
	GlobalSection(SolutionConfigurationPlatforms) = preSolution
		Debug|Any CPU = Debug|Any CPU
		Release|Any CPU = Release|Any CPU
	EndGlobalSection
	GlobalSection(ProjectConfigurationPlatforms) = postSolution
		{875F8296-9E6D-4687-82CB-17849ED0F42F}.Debug|Any CPU.ActiveCfg = Debug|Any CPU
		{875F8296-9E6D-4687-82CB-17849ED0F42F}.Debug|Any CPU.Build.0 = Debug|Any CPU
		{875F8296-9E6D-4687-82CB-17849ED0F42F}.Release|Any CPU.ActiveCfg = Release|Any CPU
		{875F8296-9E6D-4687-82CB-17849ED0F42F}.Release|Any CPU.Build.0 = Release|Any CPU
	EndGlobalSection
EndGlobal
